
Microsoft Visual Studio Solution File, Format Version 12.00
# Visual Studio Version 17
VisualStudioVersion = 17.7.34024.191
MinimumVisualStudioVersion = 10.0.40219.1
Project("{FAE04EC0-301F-11D3-BF4B-00C04F79EFBC}") = "ProblemSolving", "ProblemSolving.csproj", "{2AEA09F2-AAE3-4FCD-923A-D3FD0C98BB20}"
EndProject
Global
	GlobalSection(SolutionConfigurationPlatforms) = preSolution
		Debug|Any CPU = Debug|Any CPU
		Release|Any CPU = Release|Any CPU
	EndGlobalSection
	GlobalSection(ProjectConfigurationPlatforms) = postSolution
		{2AEA09F2-AAE3-4FCD-923A-D3FD0C98BB20}.Debug|Any CPU.ActiveCfg = Debug|Any CPU
		{2AEA09F2-AAE3-4FCD-923A-D3FD0C98BB20}.Debug|Any CPU.Build.0 = Debug|Any CPU
		{2AEA09F2-AAE3-4FCD-923A-D3FD0C98BB20}.Release|Any CPU.ActiveCfg = Release|Any CPU
		{2AEA09F2-AAE3-4FCD-923A-D3FD0C98BB20}.Release|Any CPU.Build.0 = Release|Any CPU
	EndGlobalSection
	GlobalSection(SolutionProperties) = preSolution
		HideSolutionNode = FALSE
	EndGlobalSection
	GlobalSection(ExtensibilityGlobals) = postSolution
		SolutionGuid = {99EB8A5A-374F-48BE-96B8-B7179270C0CB}
	EndGlobalSection
EndGlobal
